
Microsoft Visual Studio Solution File, Format Version 12.00
# Visual Studio Version 16
VisualStudioVersion = 16.0.31624.102
MinimumVisualStudioVersion = 10.0.40219.1
Project("{FAE04EC0-301F-11D3-BF4B-00C04F79EFBC}") = "Parcial_Yarith_Espitia", "Parcial_Yarith_Espitia\Parcial_Yarith_Espitia.csproj", "{FABF4F94-5A27-48DB-85D8-6ADF7CAAD977}"
EndProject
Global
	GlobalSection(SolutionConfigurationPlatforms) = preSolution
		Debug|Any CPU = Debug|Any CPU
		Release|Any CPU = Release|Any CPU
	EndGlobalSection
	GlobalSection(ProjectConfigurationPlatforms) = postSolution
		{FABF4F94-5A27-48DB-85D8-6ADF7CAAD977}.Debug|Any CPU.ActiveCfg = Debug|Any CPU
		{FABF4F94-5A27-48DB-85D8-6ADF7CAAD977}.Debug|Any CPU.Build.0 = Debug|Any CPU
		{FABF4F94-5A27-48DB-85D8-6ADF7CAAD977}.Release|Any CPU.ActiveCfg = Release|Any CPU
		{FABF4F94-5A27-48DB-85D8-6ADF7CAAD977}.Release|Any CPU.Build.0 = Release|Any CPU
	EndGlobalSection
	GlobalSection(SolutionProperties) = preSolution
		HideSolutionNode = FALSE
	EndGlobalSection
	GlobalSection(ExtensibilityGlobals) = postSolution
		SolutionGuid = {47ACB0C3-83AA-443B-AC74-1A10F00F34CA}
	EndGlobalSection
EndGlobal
